
Microsoft Visual Studio Solution File, Format Version 12.00
# Visual Studio Version 17
VisualStudioVersion = 17.13.35828.75
MinimumVisualStudioVersion = 10.0.40219.1
Project("{FAE04EC0-301F-11D3-BF4B-00C04F79EFBC}") = "CalculatorLibrary", "CalculatorLibrary\CalculatorLibrary.csproj", "{484789C0-9106-4B19-B6B5-4180CC610FFC}"
EndProject
Project("{FAE04EC0-301F-11D3-BF4B-00C04F79EFBC}") = "CalculatorLibraryTests", "CalculatorLibraryTests\CalculatorLibraryTests.csproj", "{8CC8585C-A62C-4679-A671-3B8F5AE732C0}"
EndProject
Global
	GlobalSection(SolutionConfigurationPlatforms) = preSolution
		Debug|Any CPU = Debug|Any CPU
		Release|Any CPU = Release|Any CPU
	EndGlobalSection
	GlobalSection(ProjectConfigurationPlatforms) = postSolution
		{484789C0-9106-4B19-B6B5-4180CC610FFC}.Debug|Any CPU.ActiveCfg = Debug|Any CPU
		{484789C0-9106-4B19-B6B5-4180CC610FFC}.Debug|Any CPU.Build.0 = Debug|Any CPU
		{484789C0-9106-4B19-B6B5-4180CC610FFC}.Release|Any CPU.ActiveCfg = Release|Any CPU
		{484789C0-9106-4B19-B6B5-4180CC610FFC}.Release|Any CPU.Build.0 = Release|Any CPU
		{8CC8585C-A62C-4679-A671-3B8F5AE732C0}.Debug|Any CPU.ActiveCfg = Debug|Any CPU
		{8CC8585C-A62C-4679-A671-3B8F5AE732C0}.Debug|Any CPU.Build.0 = Debug|Any CPU
		{8CC8585C-A62C-4679-A671-3B8F5AE732C0}.Release|Any CPU.ActiveCfg = Release|Any CPU
		{8CC8585C-A62C-4679-A671-3B8F5AE732C0}.Release|Any CPU.Build.0 = Release|Any CPU
	EndGlobalSection
	GlobalSection(SolutionProperties) = preSolution
		HideSolutionNode = FALSE
	EndGlobalSection
	GlobalSection(ExtensibilityGlobals) = postSolution
		SolutionGuid = {E4E3181A-620B-4F4C-8251-8F7C650CDADB}
	EndGlobalSection
EndGlobal
